// !$*UTF8*$!
{
	archiveVersion = 1;
	classes = {
	};
	objectVersion = 56;
	objects = {

/* Begin PBXBuildFile section */
		8A13E6BE2C806CF200AB6138 /* AppDelegate.swift in Sources */ = {isa = PBXBuildFile; fileRef = 8A13E6BD2C806CF200AB6138 /* AppDelegate.swift */; };
		8A13E6C12C81980000AB6138 /* SceneDelegate.swift in Sources */ = {isa = PBXBuildFile; fileRef = 8A13E6C02C81980000AB6138 /* SceneDelegate.swift */; };
		8A13E6FE2C84A22100AB6138 /* NaverThirdPartyLogin in Frameworks */ = {isa = PBXBuildFile; productRef = 8A13E6FD2C84A22100AB6138 /* NaverThirdPartyLogin */; };
		8A593DE02CABD30C00AF7C11 /* KakaoSDK in Frameworks */ = {isa = PBXBuildFile; productRef = 8A593DDF2CABD30C00AF7C11 /* KakaoSDK */; };
		8A593DE22CABD30C00AF7C11 /* KakaoSDKAuth in Frameworks */ = {isa = PBXBuildFile; productRef = 8A593DE12CABD30C00AF7C11 /* KakaoSDKAuth */; };
		8A593DE42CABD30C00AF7C11 /* KakaoSDKCommon in Frameworks */ = {isa = PBXBuildFile; productRef = 8A593DE32CABD30C00AF7C11 /* KakaoSDKCommon */; };
		8A593DE62CABD30C00AF7C11 /* KakaoSDKUser in Frameworks */ = {isa = PBXBuildFile; productRef = 8A593DE52CABD30C00AF7C11 /* KakaoSDKUser */; };
		8A593DE92CABD82C00AF7C11 /* GoogleSignIn in Frameworks */ = {isa = PBXBuildFile; productRef = 8A593DE82CABD82C00AF7C11 /* GoogleSignIn */; };
		8A593DEB2CABD82C00AF7C11 /* GoogleSignInSwift in Frameworks */ = {isa = PBXBuildFile; productRef = 8A593DEA2CABD82C00AF7C11 /* GoogleSignInSwift */; };
		8A5D61922C6F43B2000F2F3E /* WebView.swift in Sources */ = {isa = PBXBuildFile; fileRef = 8A5D61912C6F43B2000F2F3E /* WebView.swift */; };
		8AF720562C6C4E940094DAA8 /* moduchongmu_ios_frontendApp.swift in Sources */ = {isa = PBXBuildFile; fileRef = 8AF720552C6C4E940094DAA8 /* moduchongmu_ios_frontendApp.swift */; };
		8AF720582C6C4E940094DAA8 /* ContentView.swift in Sources */ = {isa = PBXBuildFile; fileRef = 8AF720572C6C4E940094DAA8 /* ContentView.swift */; };
		8AF7205A2C6C4E960094DAA8 /* Assets.xcassets in Resources */ = {isa = PBXBuildFile; fileRef = 8AF720592C6C4E960094DAA8 /* Assets.xcassets */; };
		8AF7205D2C6C4E960094DAA8 /* Preview Assets.xcassets in Resources */ = {isa = PBXBuildFile; fileRef = 8AF7205C2C6C4E960094DAA8 /* Preview Assets.xcassets */; };
		8AF720672C6C4E970094DAA8 /* moduchongmu_ios_frontendTests.swift in Sources */ = {isa = PBXBuildFile; fileRef = 8AF720662C6C4E970094DAA8 /* moduchongmu_ios_frontendTests.swift */; };
		8AF720712C6C4E970094DAA8 /* moduchongmu_ios_frontendUITests.swift in Sources */ = {isa = PBXBuildFile; fileRef = 8AF720702C6C4E970094DAA8 /* moduchongmu_ios_frontendUITests.swift */; };
		8AF720732C6C4E970094DAA8 /* moduchongmu_ios_frontendUITestsLaunchTests.swift in Sources */ = {isa = PBXBuildFile; fileRef = 8AF720722C6C4E970094DAA8 /* moduchongmu_ios_frontendUITestsLaunchTests.swift */; };
/* End PBXBuildFile section */

/* Begin PBXContainerItemProxy section */
		8AF720632C6C4E970094DAA8 /* PBXContainerItemProxy */ = {
			isa = PBXContainerItemProxy;
			containerPortal = 8AF7204A2C6C4E940094DAA8 /* Project object */;
			proxyType = 1;
			remoteGlobalIDString = 8AF720512C6C4E940094DAA8;
			remoteInfo = "moduchongmu-ios-frontend";
		};
		8AF7206D2C6C4E970094DAA8 /* PBXContainerItemProxy */ = {
			isa = PBXContainerItemProxy;
			containerPortal = 8AF7204A2C6C4E940094DAA8 /* Project object */;
			proxyType = 1;
			remoteGlobalIDString = 8AF720512C6C4E940094DAA8;
			remoteInfo = "moduchongmu-ios-frontend";
		};
/* End PBXContainerItemProxy section */

/* Begin PBXFileReference section */
		8A13E6B62C80340500AB6138 /* Info.plist */ = {isa = PBXFileReference; lastKnownFileType = text.plist; path = Info.plist; sourceTree = "<group>"; };
		8A13E6BD2C806CF200AB6138 /* AppDelegate.swift */ = {isa = PBXFileReference; lastKnownFileType = sourcecode.swift; path = AppDelegate.swift; sourceTree = "<group>"; };
		8A13E6C02C81980000AB6138 /* SceneDelegate.swift */ = {isa = PBXFileReference; lastKnownFileType = sourcecode.swift; path = SceneDelegate.swift; sourceTree = "<group>"; };
		8A593DEC2CACFC2100AF7C11 /* moduchongmu-ios-frontend.entitlements */ = {isa = PBXFileReference; lastKnownFileType = text.plist.entitlements; path = "moduchongmu-ios-frontend.entitlements"; sourceTree = "<group>"; };
		8A5D61912C6F43B2000F2F3E /* WebView.swift */ = {isa = PBXFileReference; lastKnownFileType = sourcecode.swift; path = WebView.swift; sourceTree = "<group>"; };
		8A5D61942C778263000F2F3E /* WebKit.framework */ = {isa = PBXFileReference; lastKnownFileType = wrapper.framework; name = WebKit.framework; path = System/Library/Frameworks/WebKit.framework; sourceTree = SDKROOT; };
		8AF720522C6C4E940094DAA8 /* moduchongmu-ios-frontend.app */ = {isa = PBXFileReference; explicitFileType = wrapper.application; includeInIndex = 0; path = "moduchongmu-ios-frontend.app"; sourceTree = BUILT_PRODUCTS_DIR; };
		8AF720552C6C4E940094DAA8 /* moduchongmu_ios_frontendApp.swift */ = {isa = PBXFileReference; lastKnownFileType = sourcecode.swift; path = moduchongmu_ios_frontendApp.swift; sourceTree = "<group>"; };
		8AF720572C6C4E940094DAA8 /* ContentView.swift */ = {isa = PBXFileReference; lastKnownFileType = sourcecode.swift; path = ContentView.swift; sourceTree = "<group>"; };
		8AF720592C6C4E960094DAA8 /* Assets.xcassets */ = {isa = PBXFileReference; lastKnownFileType = folder.assetcatalog; path = Assets.xcassets; sourceTree = "<group>"; };
		8AF7205C2C6C4E960094DAA8 /* Preview Assets.xcassets */ = {isa = PBXFileReference; lastKnownFileType = folder.assetcatalog; path = "Preview Assets.xcassets"; sourceTree = "<group>"; };
		8AF720622C6C4E970094DAA8 /* moduchongmu-ios-frontendTests.xctest */ = {isa = PBXFileReference; explicitFileType = wrapper.cfbundle; includeInIndex = 0; path = "moduchongmu-ios-frontendTests.xctest"; sourceTree = BUILT_PRODUCTS_DIR; };
		8AF720662C6C4E970094DAA8 /* moduchongmu_ios_frontendTests.swift */ = {isa = PBXFileReference; lastKnownFileType = sourcecode.swift; path = moduchongmu_ios_frontendTests.swift; sourceTree = "<group>"; };
		8AF7206C2C6C4E970094DAA8 /* moduchongmu-ios-frontendUITests.xctest */ = {isa = PBXFileReference; explicitFileType = wrapper.cfbundle; includeInIndex = 0; path = "moduchongmu-ios-frontendUITests.xctest"; sourceTree = BUILT_PRODUCTS_DIR; };
		8AF720702C6C4E970094DAA8 /* moduchongmu_ios_frontendUITests.swift */ = {isa = PBXFileReference; lastKnownFileType = sourcecode.swift; path = moduchongmu_ios_frontendUITests.swift; sourceTree = "<group>"; };
		8AF720722C6C4E970094DAA8 /* moduchongmu_ios_frontendUITestsLaunchTests.swift */ = {isa = PBXFileReference; lastKnownFileType = sourcecode.swift; path = moduchongmu_ios_frontendUITestsLaunchTests.swift; sourceTree = "<group>"; };
/* End PBXFileReference section */

/* Begin PBXFrameworksBuildPhase section */
		8A5D61962C778289000F2F3E /* Frameworks */ = {
			isa = PBXFrameworksBuildPhase;
			buildActionMask = 2147483647;
			files = (
				8A593DE42CABD30C00AF7C11 /* KakaoSDKCommon in Frameworks */,
				8A13E6FE2C84A22100AB6138 /* NaverThirdPartyLogin in Frameworks */,
				8A593DEB2CABD82C00AF7C11 /* GoogleSignInSwift in Frameworks */,
				8A593DE02CABD30C00AF7C11 /* KakaoSDK in Frameworks */,
				8A593DE62CABD30C00AF7C11 /* KakaoSDKUser in Frameworks */,
				8A593DE22CABD30C00AF7C11 /* KakaoSDKAuth in Frameworks */,
				8A593DE92CABD82C00AF7C11 /* GoogleSignIn in Frameworks */,
			);
			runOnlyForDeploymentPostprocessing = 0;
		};
		8AF7205F2C6C4E970094DAA8 /* Frameworks */ = {
			isa = PBXFrameworksBuildPhase;
			buildActionMask = 2147483647;
			files = (
			);
			runOnlyForDeploymentPostprocessing = 0;
		};
		8AF720692C6C4E970094DAA8 /* Frameworks */ = {
			isa = PBXFrameworksBuildPhase;
			buildActionMask = 2147483647;
			files = (
			);
			runOnlyForDeploymentPostprocessing = 0;
		};
/* End PBXFrameworksBuildPhase section */

/* Begin PBXGroup section */
		8A13E6BA2C80653C00AB6138 /* Launch */ = {
			isa = PBXGroup;
			children = (
				8A13E6BD2C806CF200AB6138 /* AppDelegate.swift */,
				8A13E6C02C81980000AB6138 /* SceneDelegate.swift */,
			);
			path = Launch;
			sourceTree = "<group>";
		};
		8A13E6C22C82BB7900AB6138 /* lib */ = {
			isa = PBXGroup;
			children = (
			);
			path = lib;
			sourceTree = "<group>";
		};
		8A5D61932C778263000F2F3E /* Frameworks */ = {
			isa = PBXGroup;
			children = (
				8A5D61942C778263000F2F3E /* WebKit.framework */,
			);
			name = Frameworks;
			sourceTree = "<group>";
		};
		8AF720492C6C4E940094DAA8 = {
			isa = PBXGroup;
			children = (
				8AF720542C6C4E940094DAA8 /* moduchongmu-ios-frontend */,
				8AF720652C6C4E970094DAA8 /* moduchongmu-ios-frontendTests */,
				8AF7206F2C6C4E970094DAA8 /* moduchongmu-ios-frontendUITests */,
				8AF720532C6C4E940094DAA8 /* Products */,
				8A5D61932C778263000F2F3E /* Frameworks */,
			);
			sourceTree = "<group>";
		};
		8AF720532C6C4E940094DAA8 /* Products */ = {
			isa = PBXGroup;
			children = (
				8AF720522C6C4E940094DAA8 /* moduchongmu-ios-frontend.app */,
				8AF720622C6C4E970094DAA8 /* moduchongmu-ios-frontendTests.xctest */,
				8AF7206C2C6C4E970094DAA8 /* moduchongmu-ios-frontendUITests.xctest */,
			);
			name = Products;
			sourceTree = "<group>";
		};
		8AF720542C6C4E940094DAA8 /* moduchongmu-ios-frontend */ = {
			isa = PBXGroup;
			children = (
				8A593DEC2CACFC2100AF7C11 /* moduchongmu-ios-frontend.entitlements */,
				8A13E6C22C82BB7900AB6138 /* lib */,
				8A13E6BA2C80653C00AB6138 /* Launch */,
				8A13E6B62C80340500AB6138 /* Info.plist */,
				8AF720552C6C4E940094DAA8 /* moduchongmu_ios_frontendApp.swift */,
				8AF720572C6C4E940094DAA8 /* ContentView.swift */,
				8AF720592C6C4E960094DAA8 /* Assets.xcassets */,
				8AF7205B2C6C4E960094DAA8 /* Preview Content */,
				8A5D61912C6F43B2000F2F3E /* WebView.swift */,
			);
			path = "moduchongmu-ios-frontend";
			sourceTree = "<group>";
		};
		8AF7205B2C6C4E960094DAA8 /* Preview Content */ = {
			isa = PBXGroup;
			children = (
				8AF7205C2C6C4E960094DAA8 /* Preview Assets.xcassets */,
			);
			path = "Preview Content";
			sourceTree = "<group>";
		};
		8AF720652C6C4E970094DAA8 /* moduchongmu-ios-frontendTests */ = {
			isa = PBXGroup;
			children = (
				8AF720662C6C4E970094DAA8 /* moduchongmu_ios_frontendTests.swift */,
			);
			path = "moduchongmu-ios-frontendTests";
			sourceTree = "<group>";
		};
		8AF7206F2C6C4E970094DAA8 /* moduchongmu-ios-frontendUITests */ = {
			isa = PBXGroup;
			children = (
				8AF720702C6C4E970094DAA8 /* moduchongmu_ios_frontendUITests.swift */,
				8AF720722C6C4E970094DAA8 /* moduchongmu_ios_frontendUITestsLaunchTests.swift */,
			);
			path = "moduchongmu-ios-frontendUITests";
			sourceTree = "<group>";
		};
/* End PBXGroup section */

/* Begin PBXNativeTarget section */
		8AF720512C6C4E940094DAA8 /* moduchongmu-ios-frontend */ = {
			isa = PBXNativeTarget;
			buildConfigurationList = 8AF720762C6C4E970094DAA8 /* Build configuration list for PBXNativeTarget "moduchongmu-ios-frontend" */;
			buildPhases = (
				8AF7204E2C6C4E940094DAA8 /* Sources */,
				8AF720502C6C4E940094DAA8 /* Resources */,
				8A5D61962C778289000F2F3E /* Frameworks */,
			);
			buildRules = (
			);
			dependencies = (
			);
			name = "moduchongmu-ios-frontend";
			packageProductDependencies = (
				8A13E6FD2C84A22100AB6138 /* NaverThirdPartyLogin */,
				8A593DDF2CABD30C00AF7C11 /* KakaoSDK */,
				8A593DE12CABD30C00AF7C11 /* KakaoSDKAuth */,
				8A593DE32CABD30C00AF7C11 /* KakaoSDKCommon */,
				8A593DE52CABD30C00AF7C11 /* KakaoSDKUser */,
				8A593DE82CABD82C00AF7C11 /* GoogleSignIn */,
				8A593DEA2CABD82C00AF7C11 /* GoogleSignInSwift */,
			);
			productName = "moduchongmu-ios-frontend";
			productReference = 8AF720522C6C4E940094DAA8 /* moduchongmu-ios-frontend.app */;
			productType = "com.apple.product-type.application";
		};
		8AF720612C6C4E970094DAA8 /* moduchongmu-ios-frontendTests */ = {
			isa = PBXNativeTarget;
			buildConfigurationList = 8AF720792C6C4E970094DAA8 /* Build configuration list for PBXNativeTarget "moduchongmu-ios-frontendTests" */;
			buildPhases = (
				8AF7205E2C6C4E970094DAA8 /* Sources */,
				8AF7205F2C6C4E970094DAA8 /* Frameworks */,
				8AF720602C6C4E970094DAA8 /* Resources */,
			);
			buildRules = (
			);
			dependencies = (
				8AF720642C6C4E970094DAA8 /* PBXTargetDependency */,
			);
			name = "moduchongmu-ios-frontendTests";
			productName = "moduchongmu-ios-frontendTests";
			productReference = 8AF720622C6C4E970094DAA8 /* moduchongmu-ios-frontendTests.xctest */;
			productType = "com.apple.product-type.bundle.unit-test";
		};
		8AF7206B2C6C4E970094DAA8 /* moduchongmu-ios-frontendUITests */ = {
			isa = PBXNativeTarget;
			buildConfigurationList = 8AF7207C2C6C4E970094DAA8 /* Build configuration list for PBXNativeTarget "moduchongmu-ios-frontendUITests" */;
			buildPhases = (
				8AF720682C6C4E970094DAA8 /* Sources */,
				8AF720692C6C4E970094DAA8 /* Frameworks */,
				8AF7206A2C6C4E970094DAA8 /* Resources */,
			);
			buildRules = (
			);
			dependencies = (
				8AF7206E2C6C4E970094DAA8 /* PBXTargetDependency */,
			);
			name = "moduchongmu-ios-frontendUITests";
			productName = "moduchongmu-ios-frontendUITests";
			productReference = 8AF7206C2C6C4E970094DAA8 /* moduchongmu-ios-frontendUITests.xctest */;
			productType = "com.apple.product-type.bundle.ui-testing";
		};
/* End PBXNativeTarget section */

/* Begin PBXProject section */
		8AF7204A2C6C4E940094DAA8 /* Project object */ = {
			isa = PBXProject;
			attributes = {
				BuildIndependentTargetsInParallel = 1;
				LastSwiftUpdateCheck = 1540;
				LastUpgradeCheck = 1600;
				TargetAttributes = {
					8AF720512C6C4E940094DAA8 = {
						CreatedOnToolsVersion = 15.4;
					};
					8AF720612C6C4E970094DAA8 = {
						CreatedOnToolsVersion = 15.4;
						TestTargetID = 8AF720512C6C4E940094DAA8;
					};
					8AF7206B2C6C4E970094DAA8 = {
						CreatedOnToolsVersion = 15.4;
						TestTargetID = 8AF720512C6C4E940094DAA8;
					};
				};
			};
			buildConfigurationList = 8AF7204D2C6C4E940094DAA8 /* Build configuration list for PBXProject "moduchongmu-ios-frontend" */;
			compatibilityVersion = "Xcode 14.0";
			developmentRegion = en;
			hasScannedForEncodings = 0;
			knownRegions = (
				en,
				Base,
			);
			mainGroup = 8AF720492C6C4E940094DAA8;
			packageReferences = (
				8A13E6FC2C84A21800AB6138 /* XCRemoteSwiftPackageReference "naveridlogin-sdk-ios" */,
				8A593DDE2CABD30C00AF7C11 /* XCRemoteSwiftPackageReference "kakao-ios-sdk" */,
				8A593DE72CABD82C00AF7C11 /* XCRemoteSwiftPackageReference "GoogleSignIn-iOS" */,
			);
			productRefGroup = 8AF720532C6C4E940094DAA8 /* Products */;
			projectDirPath = "";
			projectRoot = "";
			targets = (
				8AF720512C6C4E940094DAA8 /* moduchongmu-ios-frontend */,
				8AF720612C6C4E970094DAA8 /* moduchongmu-ios-frontendTests */,
				8AF7206B2C6C4E970094DAA8 /* moduchongmu-ios-frontendUITests */,
			);
		};
/* End PBXProject section */

/* Begin PBXResourcesBuildPhase section */
		8AF720502C6C4E940094DAA8 /* Resources */ = {
			isa = PBXResourcesBuildPhase;
			buildActionMask = 2147483647;
			files = (
				8AF7205D2C6C4E960094DAA8 /* Preview Assets.xcassets in Resources */,
				8AF7205A2C6C4E960094DAA8 /* Assets.xcassets in Resources */,
			);
			runOnlyForDeploymentPostprocessing = 0;
		};
		8AF720602C6C4E970094DAA8 /* Resources */ = {
			isa = PBXResourcesBuildPhase;
			buildActionMask = 2147483647;
			files = (
			);
			runOnlyForDeploymentPostprocessing = 0;
		};
		8AF7206A2C6C4E970094DAA8 /* Resources */ = {
			isa = PBXResourcesBuildPhase;
			buildActionMask = 2147483647;
			files = (
			);
			runOnlyForDeploymentPostprocessing = 0;
		};
/* End PBXResourcesBuildPhase section */

/* Begin PBXSourcesBuildPhase section */
		8AF7204E2C6C4E940094DAA8 /* Sources */ = {
			isa = PBXSourcesBuildPhase;
			buildActionMask = 2147483647;
			files = (
				8A13E6C12C81980000AB6138 /* SceneDelegate.swift in Sources */,
				8A13E6BE2C806CF200AB6138 /* AppDelegate.swift in Sources */,
				8A5D61922C6F43B2000F2F3E /* WebView.swift in Sources */,
				8AF720582C6C4E940094DAA8 /* ContentView.swift in Sources */,
				8AF720562C6C4E940094DAA8 /* moduchongmu_ios_frontendApp.swift in Sources */,
			);
			runOnlyForDeploymentPostprocessing = 0;
		};
		8AF7205E2C6C4E970094DAA8 /* Sources */ = {
			isa = PBXSourcesBuildPhase;
			buildActionMask = 2147483647;
			files = (
				8AF720672C6C4E970094DAA8 /* moduchongmu_ios_frontendTests.swift in Sources */,
			);
			runOnlyForDeploymentPostprocessing = 0;
		};
		8AF720682C6C4E970094DAA8 /* Sources */ = {
			isa = PBXSourcesBuildPhase;
			buildActionMask = 2147483647;
			files = (
				8AF720712C6C4E970094DAA8 /* moduchongmu_ios_frontendUITests.swift in Sources */,
				8AF720732C6C4E970094DAA8 /* moduchongmu_ios_frontendUITestsLaunchTests.swift in Sources */,
			);
			runOnlyForDeploymentPostprocessing = 0;
		};
/* End PBXSourcesBuildPhase section */

/* Begin PBXTargetDependency section */
		8AF720642C6C4E970094DAA8 /* PBXTargetDependency */ = {
			isa = PBXTargetDependency;
			target = 8AF720512C6C4E940094DAA8 /* moduchongmu-ios-frontend */;
			targetProxy = 8AF720632C6C4E970094DAA8 /* PBXContainerItemProxy */;
		};
		8AF7206E2C6C4E970094DAA8 /* PBXTargetDependency */ = {
			isa = PBXTargetDependency;
			target = 8AF720512C6C4E940094DAA8 /* moduchongmu-ios-frontend */;
			targetProxy = 8AF7206D2C6C4E970094DAA8 /* PBXContainerItemProxy */;
		};
/* End PBXTargetDependency section */

/* Begin XCBuildConfiguration section */
		8AF720742C6C4E970094DAA8 /* Debug */ = {
			isa = XCBuildConfiguration;
			buildSettings = {
				ALWAYS_SEARCH_USER_PATHS = NO;
				ASSETCATALOG_COMPILER_GENERATE_SWIFT_ASSET_SYMBOL_EXTENSIONS = YES;
				CLANG_ANALYZER_NONNULL = YES;
				CLANG_ANALYZER_NUMBER_OBJECT_CONVERSION = YES_AGGRESSIVE;
				CLANG_CXX_LANGUAGE_STANDARD = "gnu++20";
				CLANG_ENABLE_MODULES = YES;
				CLANG_ENABLE_OBJC_ARC = YES;
				CLANG_ENABLE_OBJC_WEAK = YES;
				CLANG_WARN_BLOCK_CAPTURE_AUTORELEASING = YES;
				CLANG_WARN_BOOL_CONVERSION = YES;
				CLANG_WARN_COMMA = YES;
				CLANG_WARN_CONSTANT_CONVERSION = YES;
				CLANG_WARN_DEPRECATED_OBJC_IMPLEMENTATIONS = YES;
				CLANG_WARN_DIRECT_OBJC_ISA_USAGE = YES_ERROR;
				CLANG_WARN_DOCUMENTATION_COMMENTS = YES;
				CLANG_WARN_EMPTY_BODY = YES;
				CLANG_WARN_ENUM_CONVERSION = YES;
				CLANG_WARN_INFINITE_RECURSION = YES;
				CLANG_WARN_INT_CONVERSION = YES;
				CLANG_WARN_NON_LITERAL_NULL_CONVERSION = YES;
				CLANG_WARN_OBJC_IMPLICIT_RETAIN_SELF = YES;
				CLANG_WARN_OBJC_LITERAL_CONVERSION = YES;
				CLANG_WARN_OBJC_ROOT_CLASS = YES_ERROR;
				CLANG_WARN_QUOTED_INCLUDE_IN_FRAMEWORK_HEADER = YES;
				CLANG_WARN_RANGE_LOOP_ANALYSIS = YES;
				CLANG_WARN_STRICT_PROTOTYPES = YES;
				CLANG_WARN_SUSPICIOUS_MOVE = YES;
				CLANG_WARN_UNGUARDED_AVAILABILITY = YES_AGGRESSIVE;
				CLANG_WARN_UNREACHABLE_CODE = YES;
				CLANG_WARN__DUPLICATE_METHOD_MATCH = YES;
				COPY_PHASE_STRIP = NO;
				DEBUG_INFORMATION_FORMAT = dwarf;
				ENABLE_STRICT_OBJC_MSGSEND = YES;
				ENABLE_TESTABILITY = YES;
				ENABLE_USER_SCRIPT_SANDBOXING = YES;
				GCC_C_LANGUAGE_STANDARD = gnu17;
				GCC_DYNAMIC_NO_PIC = NO;
				GCC_NO_COMMON_BLOCKS = YES;
				GCC_OPTIMIZATION_LEVEL = 0;
				GCC_PREPROCESSOR_DEFINITIONS = (
					"DEBUG=1",
					"$(inherited)",
				);
				GCC_WARN_64_TO_32_BIT_CONVERSION = YES;
				GCC_WARN_ABOUT_RETURN_TYPE = YES_ERROR;
				GCC_WARN_UNDECLARED_SELECTOR = YES;
				GCC_WARN_UNINITIALIZED_AUTOS = YES_AGGRESSIVE;
				GCC_WARN_UNUSED_FUNCTION = YES;
				GCC_WARN_UNUSED_VARIABLE = YES;
				IPHONEOS_DEPLOYMENT_TARGET = 17.5;
				LOCALIZATION_PREFERS_STRING_CATALOGS = YES;
				MTL_ENABLE_DEBUG_INFO = INCLUDE_SOURCE;
				MTL_FAST_MATH = YES;
				ONLY_ACTIVE_ARCH = YES;
				SDKROOT = iphoneos;
				SWIFT_ACTIVE_COMPILATION_CONDITIONS = "DEBUG $(inherited)";
				SWIFT_OPTIMIZATION_LEVEL = "-Onone";
			};
			name = Debug;
		};
		8AF720752C6C4E970094DAA8 /* Release */ = {
			isa = XCBuildConfiguration;
			buildSettings = {
				ALWAYS_SEARCH_USER_PATHS = NO;
				ASSETCATALOG_COMPILER_GENERATE_SWIFT_ASSET_SYMBOL_EXTENSIONS = YES;
				CLANG_ANALYZER_NONNULL = YES;
				CLANG_ANALYZER_NUMBER_OBJECT_CONVERSION = YES_AGGRESSIVE;
				CLANG_CXX_LANGUAGE_STANDARD = "gnu++20";
				CLANG_ENABLE_MODULES = YES;
				CLANG_ENABLE_OBJC_ARC = YES;
				CLANG_ENABLE_OBJC_WEAK = YES;
				CLANG_WARN_BLOCK_CAPTURE_AUTORELEASING = YES;
				CLANG_WARN_BOOL_CONVERSION = YES;
				CLANG_WARN_COMMA = YES;
				CLANG_WARN_CONSTANT_CONVERSION = YES;
				CLANG_WARN_DEPRECATED_OBJC_IMPLEMENTATIONS = YES;
				CLANG_WARN_DIRECT_OBJC_ISA_USAGE = YES_ERROR;
				CLANG_WARN_DOCUMENTATION_COMMENTS = YES;
				CLANG_WARN_EMPTY_BODY = YES;
				CLANG_WARN_ENUM_CONVERSION = YES;
				CLANG_WARN_INFINITE_RECURSION = YES;
				CLANG_WARN_INT_CONVERSION = YES;
				CLANG_WARN_NON_LITERAL_NULL_CONVERSION = YES;
				CLANG_WARN_OBJC_IMPLICIT_RETAIN_SELF = YES;
				CLANG_WARN_OBJC_LITERAL_CONVERSION = YES;
				CLANG_WARN_OBJC_ROOT_CLASS = YES_ERROR;
				CLANG_WARN_QUOTED_INCLUDE_IN_FRAMEWORK_HEADER = YES;
				CLANG_WARN_RANGE_LOOP_ANALYSIS = YES;
				CLANG_WARN_STRICT_PROTOTYPES = YES;
				CLANG_WARN_SUSPICIOUS_MOVE = YES;
				CLANG_WARN_UNGUARDED_AVAILABILITY = YES_AGGRESSIVE;
				CLANG_WARN_UNREACHABLE_CODE = YES;
				CLANG_WARN__DUPLICATE_METHOD_MATCH = YES;
				COPY_PHASE_STRIP = NO;
				DEBUG_INFORMATION_FORMAT = "dwarf-with-dsym";
				ENABLE_NS_ASSERTIONS = NO;
				ENABLE_STRICT_OBJC_MSGSEND = YES;
				ENABLE_USER_SCRIPT_SANDBOXING = YES;
				GCC_C_LANGUAGE_STANDARD = gnu17;
				GCC_NO_COMMON_BLOCKS = YES;
				GCC_WARN_64_TO_32_BIT_CONVERSION = YES;
				GCC_WARN_ABOUT_RETURN_TYPE = YES_ERROR;
				GCC_WARN_UNDECLARED_SELECTOR = YES;
				GCC_WARN_UNINITIALIZED_AUTOS = YES_AGGRESSIVE;
				GCC_WARN_UNUSED_FUNCTION = YES;
				GCC_WARN_UNUSED_VARIABLE = YES;
				IPHONEOS_DEPLOYMENT_TARGET = 17.5;
				LOCALIZATION_PREFERS_STRING_CATALOGS = YES;
				MTL_ENABLE_DEBUG_INFO = NO;
				MTL_FAST_MATH = YES;
				SDKROOT = iphoneos;
				SWIFT_COMPILATION_MODE = wholemodule;
				VALIDATE_PRODUCT = YES;
			};
			name = Release;
		};
		8AF720772C6C4E970094DAA8 /* Debug */ = {
			isa = XCBuildConfiguration;
			buildSettings = {
				ASSETCATALOG_COMPILER_APPICON_NAME = AppIcon;
				ASSETCATALOG_COMPILER_GLOBAL_ACCENT_COLOR_NAME = AccentColor;
				CODE_SIGN_ENTITLEMENTS = "moduchongmu-ios-frontend/moduchongmu-ios-frontend.entitlements";
				CODE_SIGN_STYLE = Automatic;
				CURRENT_PROJECT_VERSION = 1;
				DEVELOPMENT_ASSET_PATHS = "\"moduchongmu-ios-frontend/Preview Content\"";
				DEVELOPMENT_TEAM = 2F9B73Y3J6;
				ENABLE_PREVIEWS = YES;
				ENABLE_USER_SCRIPT_SANDBOXING = YES;
				GENERATE_INFOPLIST_FILE = YES;
				INFOPLIST_FILE = "moduchongmu-ios-frontend/Info.plist";
				INFOPLIST_KEY_UIApplicationSceneManifest_Generation = YES;
				INFOPLIST_KEY_UIApplicationSupportsIndirectInputEvents = YES;
				INFOPLIST_KEY_UILaunchScreen_Generation = YES;
				INFOPLIST_KEY_UISupportedInterfaceOrientations_iPad = "UIInterfaceOrientationPortrait UIInterfaceOrientationPortraitUpsideDown UIInterfaceOrientationLandscapeLeft UIInterfaceOrientationLandscapeRight";
				INFOPLIST_KEY_UISupportedInterfaceOrientations_iPhone = "UIInterfaceOrientationPortrait UIInterfaceOrientationLandscapeLeft UIInterfaceOrientationLandscapeRight";
				LD_RUNPATH_SEARCH_PATHS = (
					"$(inherited)",
					"@executable_path/Frameworks",
				);
				MARKETING_VERSION = 1.0;
				PRODUCT_BUNDLE_IDENTIFIER = "com.dolanap.moduchongmu-ios-frontend";
				PRODUCT_NAME = "$(TARGET_NAME)";
				SUPPORTED_PLATFORMS = "iphoneos iphonesimulator";
				SUPPORTS_MACCATALYST = NO;
				SUPPORTS_XR_DESIGNED_FOR_IPHONE_IPAD = NO;
				SWIFT_EMIT_LOC_STRINGS = YES;
				SWIFT_VERSION = 5.0;
				TARGETED_DEVICE_FAMILY = "1,2";
			};
			name = Debug;
		};
		8AF720782C6C4E970094DAA8 /* Release */ = {
			isa = XCBuildConfiguration;
			buildSettings = {
				ASSETCATALOG_COMPILER_APPICON_NAME = AppIcon;
				ASSETCATALOG_COMPILER_GLOBAL_ACCENT_COLOR_NAME = AccentColor;
				CODE_SIGN_ENTITLEMENTS = "moduchongmu-ios-frontend/moduchongmu-ios-frontend.entitlements";
				CODE_SIGN_STYLE = Automatic;
				CURRENT_PROJECT_VERSION = 1;
				DEVELOPMENT_ASSET_PATHS = "\"moduchongmu-ios-frontend/Preview Content\"";
				DEVELOPMENT_TEAM = 2F9B73Y3J6;
				ENABLE_PREVIEWS = YES;
				ENABLE_USER_SCRIPT_SANDBOXING = YES;
				GENERATE_INFOPLIST_FILE = YES;
				INFOPLIST_FILE = "moduchongmu-ios-frontend/Info.plist";
				INFOPLIST_KEY_UIApplicationSceneManifest_Generation = YES;
				INFOPLIST_KEY_UIApplicationSupportsIndirectInputEvents = YES;
				INFOPLIST_KEY_UILaunchScreen_Generation = YES;
				INFOPLIST_KEY_UISupportedInterfaceOrientations_iPad = "UIInterfaceOrientationPortrait UIInterfaceOrientationPortraitUpsideDown UIInterfaceOrientationLandscapeLeft UIInterfaceOrientationLandscapeRight";
				INFOPLIST_KEY_UISupportedInterfaceOrientations_iPhone = "UIInterfaceOrientationPortrait UIInterfaceOrientationLandscapeLeft UIInterfaceOrientationLandscapeRight";
				LD_RUNPATH_SEARCH_PATHS = (
					"$(inherited)",
					"@executable_path/Frameworks",
				);
				MARKETING_VERSION = 1.0;
				PRODUCT_BUNDLE_IDENTIFIER = "com.dolanap.moduchongmu-ios-frontend";
				PRODUCT_NAME = "$(TARGET_NAME)";
				SUPPORTED_PLATFORMS = "iphoneos iphonesimulator";
				SUPPORTS_MACCATALYST = NO;
				SUPPORTS_XR_DESIGNED_FOR_IPHONE_IPAD = NO;
				SWIFT_EMIT_LOC_STRINGS = YES;
				SWIFT_VERSION = 5.0;
				TARGETED_DEVICE_FAMILY = "1,2";
			};
			name = Release;
		};
		8AF7207A2C6C4E970094DAA8 /* Debug */ = {
			isa = XCBuildConfiguration;
			buildSettings = {
				BUNDLE_LOADER = "$(TEST_HOST)";
				CODE_SIGN_STYLE = Automatic;
				CURRENT_PROJECT_VERSION = 1;
				DEVELOPMENT_TEAM = 2F9B73Y3J6;
				GENERATE_INFOPLIST_FILE = YES;
				IPHONEOS_DEPLOYMENT_TARGET = 17.5;
				MARKETING_VERSION = 1.0;
				PRODUCT_BUNDLE_IDENTIFIER = "com.dolanap.moduchongmu-ios-frontendTests";
				PRODUCT_NAME = "$(TARGET_NAME)";
				SWIFT_EMIT_LOC_STRINGS = NO;
				SWIFT_VERSION = 5.0;
				TARGETED_DEVICE_FAMILY = "1,2";
				TEST_HOST = "$(BUILT_PRODUCTS_DIR)/moduchongmu-ios-frontend.app/$(BUNDLE_EXECUTABLE_FOLDER_PATH)/moduchongmu-ios-frontend";
			};
			name = Debug;
		};
		8AF7207B2C6C4E970094DAA8 /* Release */ = {
			isa = XCBuildConfiguration;
			buildSettings = {
				BUNDLE_LOADER = "$(TEST_HOST)";
				CODE_SIGN_STYLE = Automatic;
				CURRENT_PROJECT_VERSION = 1;
				DEVELOPMENT_TEAM = 2F9B73Y3J6;
				GENERATE_INFOPLIST_FILE = YES;
				IPHONEOS_DEPLOYMENT_TARGET = 17.5;
				MARKETING_VERSION = 1.0;
				PRODUCT_BUNDLE_IDENTIFIER = "com.dolanap.moduchongmu-ios-frontendTests";
				PRODUCT_NAME = "$(TARGET_NAME)";
				SWIFT_EMIT_LOC_STRINGS = NO;
				SWIFT_VERSION = 5.0;
				TARGETED_DEVICE_FAMILY = "1,2";
				TEST_HOST = "$(BUILT_PRODUCTS_DIR)/moduchongmu-ios-frontend.app/$(BUNDLE_EXECUTABLE_FOLDER_PATH)/moduchongmu-ios-frontend";
			};
			name = Release;
		};
		8AF7207D2C6C4E970094DAA8 /* Debug */ = {
			isa = XCBuildConfiguration;
			buildSettings = {
				CODE_SIGN_STYLE = Automatic;
				CURRENT_PROJECT_VERSION = 1;
				DEVELOPMENT_TEAM = 2F9B73Y3J6;
				GENERATE_INFOPLIST_FILE = YES;
				MARKETING_VERSION = 1.0;
				PRODUCT_BUNDLE_IDENTIFIER = "com.dolanap.moduchongmu-ios-frontendUITests";
				PRODUCT_NAME = "$(TARGET_NAME)";
				SWIFT_EMIT_LOC_STRINGS = NO;
				SWIFT_VERSION = 5.0;
				TARGETED_DEVICE_FAMILY = "1,2";
				TEST_TARGET_NAME = "moduchongmu-ios-frontend";
			};
			name = Debug;
		};
		8AF7207E2C6C4E970094DAA8 /* Release */ = {
			isa = XCBuildConfiguration;
			buildSettings = {
				CODE_SIGN_STYLE = Automatic;
				CURRENT_PROJECT_VERSION = 1;
				DEVELOPMENT_TEAM = 2F9B73Y3J6;
				GENERATE_INFOPLIST_FILE = YES;
				MARKETING_VERSION = 1.0;
				PRODUCT_BUNDLE_IDENTIFIER = "com.dolanap.moduchongmu-ios-frontendUITests";
				PRODUCT_NAME = "$(TARGET_NAME)";
				SWIFT_EMIT_LOC_STRINGS = NO;
				SWIFT_VERSION = 5.0;
				TARGETED_DEVICE_FAMILY = "1,2";
				TEST_TARGET_NAME = "moduchongmu-ios-frontend";
			};
			name = Release;
		};
/* End XCBuildConfiguration section */

/* Begin XCConfigurationList section */
		8AF7204D2C6C4E940094DAA8 /* Build configuration list for PBXProject "moduchongmu-ios-frontend" */ = {
			isa = XCConfigurationList;
			buildConfigurations = (
				8AF720742C6C4E970094DAA8 /* Debug */,
				8AF720752C6C4E970094DAA8 /* Release */,
			);
			defaultConfigurationIsVisible = 0;
			defaultConfigurationName = Release;
		};
		8AF720762C6C4E970094DAA8 /* Build configuration list for PBXNativeTarget "moduchongmu-ios-frontend" */ = {
			isa = XCConfigurationList;
			buildConfigurations = (
				8AF720772C6C4E970094DAA8 /* Debug */,
				8AF720782C6C4E970094DAA8 /* Release */,
			);
			defaultConfigurationIsVisible = 0;
			defaultConfigurationName = Release;
		};
		8AF720792C6C4E970094DAA8 /* Build configuration list for PBXNativeTarget "moduchongmu-ios-frontendTests" */ = {
			isa = XCConfigurationList;
			buildConfigurations = (
				8AF7207A2C6C4E970094DAA8 /* Debug */,
				8AF7207B2C6C4E970094DAA8 /* Release */,
			);
			defaultConfigurationIsVisible = 0;
			defaultConfigurationName = Release;
		};
		8AF7207C2C6C4E970094DAA8 /* Build configuration list for PBXNativeTarget "moduchongmu-ios-frontendUITests" */ = {
			isa = XCConfigurationList;
			buildConfigurations = (
				8AF7207D2C6C4E970094DAA8 /* Debug */,
				8AF7207E2C6C4E970094DAA8 /* Release */,
			);
			defaultConfigurationIsVisible = 0;
			defaultConfigurationName = Release;
		};
/* End XCConfigurationList section */

/* Begin XCRemoteSwiftPackageReference section */
		8A13E6FC2C84A21800AB6138 /* XCRemoteSwiftPackageReference "naveridlogin-sdk-ios" */ = {
			isa = XCRemoteSwiftPackageReference;
			repositoryURL = "https://github.com/naver/naveridlogin-sdk-ios";
			requirement = {
				branch = master;
				kind = branch;
			};
		};
		8A593DDE2CABD30C00AF7C11 /* XCRemoteSwiftPackageReference "kakao-ios-sdk" */ = {
			isa = XCRemoteSwiftPackageReference;
			repositoryURL = "https://github.com/kakao/kakao-ios-sdk";
			requirement = {
				branch = master;
				kind = branch;
			};
		};
		8A593DE72CABD82C00AF7C11 /* XCRemoteSwiftPackageReference "GoogleSignIn-iOS" */ = {
			isa = XCRemoteSwiftPackageReference;
			repositoryURL = "https://github.com/google/GoogleSignIn-iOS";
			requirement = {
				branch = main;
				kind = branch;
			};
		};
/* End XCRemoteSwiftPackageReference section */

/* Begin XCSwiftPackageProductDependency section */
		8A13E6FD2C84A22100AB6138 /* NaverThirdPartyLogin */ = {
			isa = XCSwiftPackageProductDependency;
			package = 8A13E6FC2C84A21800AB6138 /* XCRemoteSwiftPackageReference "naveridlogin-sdk-ios" */;
			productName = NaverThirdPartyLogin;
		};
		8A593DDF2CABD30C00AF7C11 /* KakaoSDK */ = {
			isa = XCSwiftPackageProductDependency;
			package = 8A593DDE2CABD30C00AF7C11 /* XCRemoteSwiftPackageReference "kakao-ios-sdk" */;
			productName = KakaoSDK;
		};
		8A593DE12CABD30C00AF7C11 /* KakaoSDKAuth */ = {
			isa = XCSwiftPackageProductDependency;
			package = 8A593DDE2CABD30C00AF7C11 /* XCRemoteSwiftPackageReference "kakao-ios-sdk" */;
			productName = KakaoSDKAuth;
		};
		8A593DE32CABD30C00AF7C11 /* KakaoSDKCommon */ = {
			isa = XCSwiftPackageProductDependency;
			package = 8A593DDE2CABD30C00AF7C11 /* XCRemoteSwiftPackageReference "kakao-ios-sdk" */;
			productName = KakaoSDKCommon;
		};
		8A593DE52CABD30C00AF7C11 /* KakaoSDKUser */ = {
			isa = XCSwiftPackageProductDependency;
			package = 8A593DDE2CABD30C00AF7C11 /* XCRemoteSwiftPackageReference "kakao-ios-sdk" */;
			productName = KakaoSDKUser;
		};
		8A593DE82CABD82C00AF7C11 /* GoogleSignIn */ = {
			isa = XCSwiftPackageProductDependency;
			package = 8A593DE72CABD82C00AF7C11 /* XCRemoteSwiftPackageReference "GoogleSignIn-iOS" */;
			productName = GoogleSignIn;
		};
		8A593DEA2CABD82C00AF7C11 /* GoogleSignInSwift */ = {
			isa = XCSwiftPackageProductDependency;
			package = 8A593DE72CABD82C00AF7C11 /* XCRemoteSwiftPackageReference "GoogleSignIn-iOS" */;
			productName = GoogleSignInSwift;
		};
/* End XCSwiftPackageProductDependency section */
	};
	rootObject = 8AF7204A2C6C4E940094DAA8 /* Project object */;
}
